
Microsoft Visual Studio Solution File, Format Version 12.00
# Visual Studio Version 17
VisualStudioVersion = 17.0.32126.317
MinimumVisualStudioVersion = 10.0.40219.1
Project("{FAE04EC0-301F-11D3-BF4B-00C04F79EFBC}") = "FrequenciaDeNumeros.ConsoleApp", "FrequenciaDeNumeros.ConsoleApp\FrequenciaDeNumeros.ConsoleApp.csproj", "{A7C8D0A4-4D8B-4573-9E03-EFB88F1DF8E6}"
EndProject
Global
	GlobalSection(SolutionConfigurationPlatforms) = preSolution
		Debug|Any CPU = Debug|Any CPU
		Release|Any CPU = Release|Any CPU
	EndGlobalSection
	GlobalSection(ProjectConfigurationPlatforms) = postSolution
		{A7C8D0A4-4D8B-4573-9E03-EFB88F1DF8E6}.Debug|Any CPU.ActiveCfg = Debug|Any CPU
		{A7C8D0A4-4D8B-4573-9E03-EFB88F1DF8E6}.Debug|Any CPU.Build.0 = Debug|Any CPU
		{A7C8D0A4-4D8B-4573-9E03-EFB88F1DF8E6}.Release|Any CPU.ActiveCfg = Release|Any CPU
		{A7C8D0A4-4D8B-4573-9E03-EFB88F1DF8E6}.Release|Any CPU.Build.0 = Release|Any CPU
	EndGlobalSection
	GlobalSection(SolutionProperties) = preSolution
		HideSolutionNode = FALSE
	EndGlobalSection
	GlobalSection(ExtensibilityGlobals) = postSolution
		SolutionGuid = {B920AC96-3F20-43D3-AEA5-EC64AA7A3725}
	EndGlobalSection
EndGlobal
